
Microsoft Visual Studio Solution File, Format Version 12.00
# Visual Studio Version 17
VisualStudioVersion = 17.2.32602.215
MinimumVisualStudioVersion = 10.0.40219.1
Project("{FAE04EC0-301F-11D3-BF4B-00C04F79EFBC}") = "Repository", "Repository\Repository.csproj", "{6E87FCEE-449D-478D-9CA8-014A29946E06}"
EndProject
Project("{FAE04EC0-301F-11D3-BF4B-00C04F79EFBC}") = "Api", "Api\Api.csproj", "{C898FC5C-B28B-4185-8826-44D0B87435D6}"
EndProject
Project("{FAE04EC0-301F-11D3-BF4B-00C04F79EFBC}") = "WebApplication", "WebApplication\WebApplication.csproj", "{0733D647-337D-4D52-891B-C8A53C405F47}"
EndProject
Global
	GlobalSection(SolutionConfigurationPlatforms) = preSolution
		Debug|Any CPU = Debug|Any CPU
		Release|Any CPU = Release|Any CPU
	EndGlobalSection
	GlobalSection(ProjectConfigurationPlatforms) = postSolution
		{6E87FCEE-449D-478D-9CA8-014A29946E06}.Debug|Any CPU.ActiveCfg = Debug|Any CPU
		{6E87FCEE-449D-478D-9CA8-014A29946E06}.Debug|Any CPU.Build.0 = Debug|Any CPU
		{6E87FCEE-449D-478D-9CA8-014A29946E06}.Release|Any CPU.ActiveCfg = Release|Any CPU
		{6E87FCEE-449D-478D-9CA8-014A29946E06}.Release|Any CPU.Build.0 = Release|Any CPU
		{C898FC5C-B28B-4185-8826-44D0B87435D6}.Debug|Any CPU.ActiveCfg = Debug|Any CPU
		{C898FC5C-B28B-4185-8826-44D0B87435D6}.Debug|Any CPU.Build.0 = Debug|Any CPU
		{C898FC5C-B28B-4185-8826-44D0B87435D6}.Release|Any CPU.ActiveCfg = Release|Any CPU
		{C898FC5C-B28B-4185-8826-44D0B87435D6}.Release|Any CPU.Build.0 = Release|Any CPU
		{0733D647-337D-4D52-891B-C8A53C405F47}.Debug|Any CPU.ActiveCfg = Debug|Any CPU
		{0733D647-337D-4D52-891B-C8A53C405F47}.Debug|Any CPU.Build.0 = Debug|Any CPU
		{0733D647-337D-4D52-891B-C8A53C405F47}.Release|Any CPU.ActiveCfg = Release|Any CPU
		{0733D647-337D-4D52-891B-C8A53C405F47}.Release|Any CPU.Build.0 = Release|Any CPU
	EndGlobalSection
	GlobalSection(SolutionProperties) = preSolution
		HideSolutionNode = FALSE
	EndGlobalSection
	GlobalSection(ExtensibilityGlobals) = postSolution
		SolutionGuid = {C671A78C-B73A-4BD9-B052-757BAEEBC12B}
	EndGlobalSection
EndGlobal
